// !$*UTF8*$!
{
	archiveVersion = 1;
	classes = {
	};
	objectVersion = 46;
	objects = {

/* Begin PBXBuildFile section */
		6ED2C81BF881380C9DF7376F /* Pods_SchoolBusLocator.framework in Frameworks */ = {isa = PBXBuildFile; fileRef = 02996BDAD34D35F6A2E3A7DB /* Pods_SchoolBusLocator.framework */; };
		B11E9A4C1DCA392B00E001CF /* AppDelegate.swift in Sources */ = {isa = PBXBuildFile; fileRef = B11E9A4B1DCA392B00E001CF /* AppDelegate.swift */; };
		B11E9A4E1DCA392B00E001CF /* ViewController.swift in Sources */ = {isa = PBXBuildFile; fileRef = B11E9A4D1DCA392B00E001CF /* ViewController.swift */; };
		B11E9A511DCA392B00E001CF /* Main.storyboard in Resources */ = {isa = PBXBuildFile; fileRef = B11E9A4F1DCA392B00E001CF /* Main.storyboard */; };
		B11E9A531DCA392B00E001CF /* Assets.xcassets in Resources */ = {isa = PBXBuildFile; fileRef = B11E9A521DCA392B00E001CF /* Assets.xcassets */; };
		B11E9A561DCA392B00E001CF /* LaunchScreen.storyboard in Resources */ = {isa = PBXBuildFile; fileRef = B11E9A541DCA392B00E001CF /* LaunchScreen.storyboard */; };
		B16DFCC41DCBF0E700B9C858 /* MapKit.framework in Frameworks */ = {isa = PBXBuildFile; fileRef = B16DFCC31DCBF0E700B9C858 /* MapKit.framework */; };
/* End PBXBuildFile section */

/* Begin PBXFileReference section */
		02996BDAD34D35F6A2E3A7DB /* Pods_SchoolBusLocator.framework */ = {isa = PBXFileReference; explicitFileType = wrapper.framework; includeInIndex = 0; path = Pods_SchoolBusLocator.framework; sourceTree = BUILT_PRODUCTS_DIR; };
		31717B7B64412455A31713CF /* Pods-SchoolBusLocator.release.xcconfig */ = {isa = PBXFileReference; includeInIndex = 1; lastKnownFileType = text.xcconfig; name = "Pods-SchoolBusLocator.release.xcconfig"; path = "Pods/Target Support Files/Pods-SchoolBusLocator/Pods-SchoolBusLocator.release.xcconfig"; sourceTree = "<group>"; };
		B11E9A481DCA392B00E001CF /* SchoolBusLocator.app */ = {isa = PBXFileReference; explicitFileType = wrapper.application; includeInIndex = 0; path = SchoolBusLocator.app; sourceTree = BUILT_PRODUCTS_DIR; };
		B11E9A4B1DCA392B00E001CF /* AppDelegate.swift */ = {isa = PBXFileReference; lastKnownFileType = sourcecode.swift; path = AppDelegate.swift; sourceTree = "<group>"; };
		B11E9A4D1DCA392B00E001CF /* ViewController.swift */ = {isa = PBXFileReference; lastKnownFileType = sourcecode.swift; path = ViewController.swift; sourceTree = "<group>"; };
		B11E9A501DCA392B00E001CF /* Base */ = {isa = PBXFileReference; lastKnownFileType = file.storyboard; name = Base; path = Base.lproj/Main.storyboard; sourceTree = "<group>"; };
		B11E9A521DCA392B00E001CF /* Assets.xcassets */ = {isa = PBXFileReference; lastKnownFileType = folder.assetcatalog; path = Assets.xcassets; sourceTree = "<group>"; };
		B11E9A551DCA392B00E001CF /* Base */ = {isa = PBXFileReference; lastKnownFileType = file.storyboard; name = Base; path = Base.lproj/LaunchScreen.storyboard; sourceTree = "<group>"; };
		B11E9A571DCA392B00E001CF /* Info.plist */ = {isa = PBXFileReference; lastKnownFileType = text.plist.xml; path = Info.plist; sourceTree = "<group>"; };
		B16DFCC31DCBF0E700B9C858 /* MapKit.framework */ = {isa = PBXFileReference; lastKnownFileType = wrapper.framework; name = MapKit.framework; path = System/Library/Frameworks/MapKit.framework; sourceTree = SDKROOT; };
		B17B32501DCC6A9000C834BB /* MyPlayground.playground */ = {isa = PBXFileReference; lastKnownFileType = file.playground; path = MyPlayground.playground; sourceTree = "<group>"; };
		CE46A3401126E90B89DB2200 /* Pods-SchoolBusLocator.debug.xcconfig */ = {isa = PBXFileReference; includeInIndex = 1; lastKnownFileType = text.xcconfig; name = "Pods-SchoolBusLocator.debug.xcconfig"; path = "Pods/Target Support Files/Pods-SchoolBusLocator/Pods-SchoolBusLocator.debug.xcconfig"; sourceTree = "<group>"; };
/* End PBXFileReference section */

/* Begin PBXFrameworksBuildPhase section */
		B11E9A451DCA392B00E001CF /* Frameworks */ = {
			isa = PBXFrameworksBuildPhase;
			buildActionMask = 2147483647;
			files = (
				B16DFCC41DCBF0E700B9C858 /* MapKit.framework in Frameworks */,
				6ED2C81BF881380C9DF7376F /* Pods_SchoolBusLocator.framework in Frameworks */,
			);
			runOnlyForDeploymentPostprocessing = 0;
		};
/* End PBXFrameworksBuildPhase section */

/* Begin PBXGroup section */
		785CDDBE48116E49431B6007 /* Frameworks */ = {
			isa = PBXGroup;
			children = (
				B16DFCC31DCBF0E700B9C858 /* MapKit.framework */,
				02996BDAD34D35F6A2E3A7DB /* Pods_SchoolBusLocator.framework */,
			);
			name = Frameworks;
			sourceTree = "<group>";
		};
		B11E9A3F1DCA392B00E001CF = {
			isa = PBXGroup;
			children = (
				B17B32501DCC6A9000C834BB /* MyPlayground.playground */,
				B11E9A4A1DCA392B00E001CF /* SchoolBusLocator */,
				B11E9A491DCA392B00E001CF /* Products */,
				FB35369FA33E762C3812AEA6 /* Pods */,
				785CDDBE48116E49431B6007 /* Frameworks */,
			);
			sourceTree = "<group>";
		};
		B11E9A491DCA392B00E001CF /* Products */ = {
			isa = PBXGroup;
			children = (
				B11E9A481DCA392B00E001CF /* SchoolBusLocator.app */,
			);
			name = Products;
			sourceTree = "<group>";
		};
		B11E9A4A1DCA392B00E001CF /* SchoolBusLocator */ = {
			isa = PBXGroup;
			children = (
				B11E9A4B1DCA392B00E001CF /* AppDelegate.swift */,
				B11E9A4D1DCA392B00E001CF /* ViewController.swift */,
				B11E9A4F1DCA392B00E001CF /* Main.storyboard */,
				B11E9A521DCA392B00E001CF /* Assets.xcassets */,
				B11E9A541DCA392B00E001CF /* LaunchScreen.storyboard */,
				B11E9A571DCA392B00E001CF /* Info.plist */,
			);
			path = SchoolBusLocator;
			sourceTree = "<group>";
		};
		FB35369FA33E762C3812AEA6 /* Pods */ = {
			isa = PBXGroup;
			children = (
				CE46A3401126E90B89DB2200 /* Pods-SchoolBusLocator.debug.xcconfig */,
				31717B7B64412455A31713CF /* Pods-SchoolBusLocator.release.xcconfig */,
			);
			name = Pods;
			sourceTree = "<group>";
		};
/* End PBXGroup section */

/* Begin PBXNativeTarget section */
		B11E9A471DCA392B00E001CF /* SchoolBusLocator */ = {
			isa = PBXNativeTarget;
			buildConfigurationList = B11E9A5A1DCA392B00E001CF /* Build configuration list for PBXNativeTarget "SchoolBusLocator" */;
			buildPhases = (
				AF947E7BF423B162F1C1C6EA /* [CP] Check Pods Manifest.lock */,
				B11E9A441DCA392B00E001CF /* Sources */,
				B11E9A451DCA392B00E001CF /* Frameworks */,
				B11E9A461DCA392B00E001CF /* Resources */,
				AC0F6696AA7A7B0C449000CA /* [CP] Embed Pods Frameworks */,
				05396671ED1AA6173872BC8A /* [CP] Copy Pods Resources */,
			);
			buildRules = (
			);
			dependencies = (
			);
			name = SchoolBusLocator;
			productName = SchoolBusLocator;
			productReference = B11E9A481DCA392B00E001CF /* SchoolBusLocator.app */;
			productType = "com.apple.product-type.application";
		};
/* End PBXNativeTarget section */

/* Begin PBXProject section */
		B11E9A401DCA392B00E001CF /* Project object */ = {
			isa = PBXProject;
			attributes = {
				LastSwiftUpdateCheck = 0800;
				LastUpgradeCheck = 0800;
				ORGANIZATIONNAME = "Paul Freeman";
				TargetAttributes = {
					B11E9A471DCA392B00E001CF = {
						CreatedOnToolsVersion = 8.0;
						DevelopmentTeam = 9V9KDQQ5K4;
						ProvisioningStyle = Automatic;
						SystemCapabilities = {
							com.apple.Maps.iOS = {
								enabled = 1;
							};
						};
					};
				};
			};
			buildConfigurationList = B11E9A431DCA392B00E001CF /* Build configuration list for PBXProject "SchoolBusLocator" */;
			compatibilityVersion = "Xcode 3.2";
			developmentRegion = English;
			hasScannedForEncodings = 0;
			knownRegions = (
				en,
				Base,
			);
			mainGroup = B11E9A3F1DCA392B00E001CF;
			productRefGroup = B11E9A491DCA392B00E001CF /* Products */;
			projectDirPath = "";
			projectRoot = "";
			targets = (
				B11E9A471DCA392B00E001CF /* SchoolBusLocator */,
			);
		};
/* End PBXProject section */

/* Begin PBXResourcesBuildPhase section */
		B11E9A461DCA392B00E001CF /* Resources */ = {
			isa = PBXResourcesBuildPhase;
			buildActionMask = 2147483647;
			files = (
				B11E9A561DCA392B00E001CF /* LaunchScreen.storyboard in Resources */,
				B11E9A531DCA392B00E001CF /* Assets.xcassets in Resources */,
				B11E9A511DCA392B00E001CF /* Main.storyboard in Resources */,
			);
			runOnlyForDeploymentPostprocessing = 0;
		};
/* End PBXResourcesBuildPhase section */

/* Begin PBXShellScriptBuildPhase section */
		05396671ED1AA6173872BC8A /* [CP] Copy Pods Resources */ = {
			isa = PBXShellScriptBuildPhase;
			buildActionMask = 2147483647;
			files = (
			);
			inputPaths = (
			);
			name = "[CP] Copy Pods Resources";
			outputPaths = (
			);
			runOnlyForDeploymentPostprocessing = 0;
			shellPath = /bin/sh;
			shellScript = "\"${SRCROOT}/Pods/Target Support Files/Pods-SchoolBusLocator/Pods-SchoolBusLocator-resources.sh\"\n";
			showEnvVarsInLog = 0;
		};
		AC0F6696AA7A7B0C449000CA /* [CP] Embed Pods Frameworks */ = {
			isa = PBXShellScriptBuildPhase;
			buildActionMask = 2147483647;
			files = (
			);
			inputPaths = (
			);
			name = "[CP] Embed Pods Frameworks";
			outputPaths = (
			);
			runOnlyForDeploymentPostprocessing = 0;
			shellPath = /bin/sh;
			shellScript = "\"${SRCROOT}/Pods/Target Support Files/Pods-SchoolBusLocator/Pods-SchoolBusLocator-frameworks.sh\"\n";
			showEnvVarsInLog = 0;
		};
		AF947E7BF423B162F1C1C6EA /* [CP] Check Pods Manifest.lock */ = {
			isa = PBXShellScriptBuildPhase;
			buildActionMask = 2147483647;
			files = (
			);
			inputPaths = (
			);
			name = "[CP] Check Pods Manifest.lock";
			outputPaths = (
			);
			runOnlyForDeploymentPostprocessing = 0;
			shellPath = /bin/sh;
			shellScript = "diff \"${PODS_ROOT}/../Podfile.lock\" \"${PODS_ROOT}/Manifest.lock\" > /dev/null\nif [ $? != 0 ] ; then\n    # print error to STDERR\n    echo \"error: The sandbox is not in sync with the Podfile.lock. Run 'pod install' or update your CocoaPods installation.\" >&2\n    exit 1\nfi\n";
			showEnvVarsInLog = 0;
		};
/* End PBXShellScriptBuildPhase section */

/* Begin PBXSourcesBuildPhase section */
		B11E9A441DCA392B00E001CF /* Sources */ = {
			isa = PBXSourcesBuildPhase;
			buildActionMask = 2147483647;
			files = (
				B11E9A4E1DCA392B00E001CF /* ViewController.swift in Sources */,
				B11E9A4C1DCA392B00E001CF /* AppDelegate.swift in Sources */,
			);
			runOnlyForDeploymentPostprocessing = 0;
		};
/* End PBXSourcesBuildPhase section */

/* Begin PBXVariantGroup section */
		B11E9A4F1DCA392B00E001CF /* Main.storyboard */ = {
			isa = PBXVariantGroup;
			children = (
				B11E9A501DCA392B00E001CF /* Base */,
			);
			name = Main.storyboard;
			sourceTree = "<group>";
		};
		B11E9A541DCA392B00E001CF /* LaunchScreen.storyboard */ = {
			isa = PBXVariantGroup;
			children = (
				B11E9A551DCA392B00E001CF /* Base */,
			);
			name = LaunchScreen.storyboard;
			sourceTree = "<group>";
		};
/* End PBXVariantGroup section */

/* Begin XCBuildConfiguration section */
		B11E9A581DCA392B00E001CF /* Debug */ = {
			isa = XCBuildConfiguration;
			buildSettings = {
				ALWAYS_SEARCH_USER_PATHS = NO;
				CLANG_ANALYZER_NONNULL = YES;
				CLANG_CXX_LANGUAGE_STANDARD = "gnu++0x";
				CLANG_CXX_LIBRARY = "libc++";
				CLANG_ENABLE_MODULES = YES;
				CLANG_ENABLE_OBJC_ARC = YES;
				CLANG_WARN_BOOL_CONVERSION = YES;
				CLANG_WARN_CONSTANT_CONVERSION = YES;
				CLANG_WARN_DIRECT_OBJC_ISA_USAGE = YES_ERROR;
				CLANG_WARN_DOCUMENTATION_COMMENTS = YES;
				CLANG_WARN_EMPTY_BODY = YES;
				CLANG_WARN_ENUM_CONVERSION = YES;
				CLANG_WARN_INFINITE_RECURSION = YES;
				CLANG_WARN_INT_CONVERSION = YES;
				CLANG_WARN_OBJC_ROOT_CLASS = YES_ERROR;
				CLANG_WARN_SUSPICIOUS_MOVES = YES;
				CLANG_WARN_UNREACHABLE_CODE = YES;
				CLANG_WARN__DUPLICATE_METHOD_MATCH = YES;
				"CODE_SIGN_IDENTITY[sdk=iphoneos*]" = "iPhone Developer";
				COPY_PHASE_STRIP = NO;
				DEBUG_INFORMATION_FORMAT = dwarf;
				ENABLE_STRICT_OBJC_MSGSEND = YES;
				ENABLE_TESTABILITY = YES;
				GCC_C_LANGUAGE_STANDARD = gnu99;
				GCC_DYNAMIC_NO_PIC = NO;
				GCC_NO_COMMON_BLOCKS = YES;
				GCC_OPTIMIZATION_LEVEL = 0;
				GCC_PREPROCESSOR_DEFINITIONS = (
					"DEBUG=1",
					"$(inherited)",
				);
				GCC_WARN_64_TO_32_BIT_CONVERSION = YES;
				GCC_WARN_ABOUT_RETURN_TYPE = YES_ERROR;
				GCC_WARN_UNDECLARED_SELECTOR = YES;
				GCC_WARN_UNINITIALIZED_AUTOS = YES_AGGRESSIVE;
				GCC_WARN_UNUSED_FUNCTION = YES;
				GCC_WARN_UNUSED_VARIABLE = YES;
				IPHONEOS_DEPLOYMENT_TARGET = 10.0;
				MTL_ENABLE_DEBUG_INFO = YES;
				ONLY_ACTIVE_ARCH = YES;
				SDKROOT = iphoneos;
				SWIFT_ACTIVE_COMPILATION_CONDITIONS = DEBUG;
				SWIFT_OPTIMIZATION_LEVEL = "-Onone";
				TARGETED_DEVICE_FAMILY = "1,2";
			};
			name = Debug;
		};
		B11E9A591DCA392B00E001CF /* Release */ = {
			isa = XCBuildConfiguration;
			buildSettings = {
				ALWAYS_SEARCH_USER_PATHS = NO;
				CLANG_ANALYZER_NONNULL = YES;
				CLANG_CXX_LANGUAGE_STANDARD = "gnu++0x";
				CLANG_CXX_LIBRARY = "libc++";
				CLANG_ENABLE_MODULES = YES;
				CLANG_ENABLE_OBJC_ARC = YES;
				CLANG_WARN_BOOL_CONVERSION = YES;
				CLANG_WARN_CONSTANT_CONVERSION = YES;
				CLANG_WARN_DIRECT_OBJC_ISA_USAGE = YES_ERROR;
				CLANG_WARN_DOCUMENTATION_COMMENTS = YES;
				CLANG_WARN_EMPTY_BODY = YES;
				CLANG_WARN_ENUM_CONVERSION = YES;
				CLANG_WARN_INFINITE_RECURSION = YES;
				CLANG_WARN_INT_CONVERSION = YES;
				CLANG_WARN_OBJC_ROOT_CLASS = YES_ERROR;
				CLANG_WARN_SUSPICIOUS_MOVES = YES;
				CLANG_WARN_UNREACHABLE_CODE = YES;
				CLANG_WARN__DUPLICATE_METHOD_MATCH = YES;
				"CODE_SIGN_IDENTITY[sdk=iphoneos*]" = "iPhone Developer";
				COPY_PHASE_STRIP = NO;
				DEBUG_INFORMATION_FORMAT = "dwarf-with-dsym";
				ENABLE_NS_ASSERTIONS = NO;
				ENABLE_STRICT_OBJC_MSGSEND = YES;
				GCC_C_LANGUAGE_STANDARD = gnu99;
				GCC_NO_COMMON_BLOCKS = YES;
				GCC_WARN_64_TO_32_BIT_CONVERSION = YES;
				GCC_WARN_ABOUT_RETURN_TYPE = YES_ERROR;
				GCC_WARN_UNDECLARED_SELECTOR = YES;
				GCC_WARN_UNINITIALIZED_AUTOS = YES_AGGRESSIVE;
				GCC_WARN_UNUSED_FUNCTION = YES;
				GCC_WARN_UNUSED_VARIABLE = YES;
				IPHONEOS_DEPLOYMENT_TARGET = 10.0;
				MTL_ENABLE_DEBUG_INFO = NO;
				SDKROOT = iphoneos;
				SWIFT_OPTIMIZATION_LEVEL = "-Owholemodule";
				TARGETED_DEVICE_FAMILY = "1,2";
				VALIDATE_PRODUCT = YES;
			};
			name = Release;
		};
		B11E9A5B1DCA392B00E001CF /* Debug */ = {
			isa = XCBuildConfiguration;
			baseConfigurationReference = CE46A3401126E90B89DB2200 /* Pods-SchoolBusLocator.debug.xcconfig */;
			buildSettings = {
				ASSETCATALOG_COMPILER_APPICON_NAME = AppIcon;
				DEVELOPMENT_TEAM = 9V9KDQQ5K4;
				INFOPLIST_FILE = SchoolBusLocator/Info.plist;
				LD_RUNPATH_SEARCH_PATHS = "$(inherited) @executable_path/Frameworks";
				PRODUCT_BUNDLE_IDENTIFIER = PDF.SchoolBusLocator;
				PRODUCT_NAME = "$(TARGET_NAME)";
				SWIFT_VERSION = 3.0;
			};
			name = Debug;
		};
		B11E9A5C1DCA392B00E001CF /* Release */ = {
			isa = XCBuildConfiguration;
			baseConfigurationReference = 31717B7B64412455A31713CF /* Pods-SchoolBusLocator.release.xcconfig */;
			buildSettings = {
				ASSETCATALOG_COMPILER_APPICON_NAME = AppIcon;
				DEVELOPMENT_TEAM = 9V9KDQQ5K4;
				INFOPLIST_FILE = SchoolBusLocator/Info.plist;
				LD_RUNPATH_SEARCH_PATHS = "$(inherited) @executable_path/Frameworks";
				PRODUCT_BUNDLE_IDENTIFIER = PDF.SchoolBusLocator;
				PRODUCT_NAME = "$(TARGET_NAME)";
				SWIFT_VERSION = 3.0;
			};
			name = Release;
		};
/* End XCBuildConfiguration section */

/* Begin XCConfigurationList section */
		B11E9A431DCA392B00E001CF /* Build configuration list for PBXProject "SchoolBusLocator" */ = {
			isa = XCConfigurationList;
			buildConfigurations = (
				B11E9A581DCA392B00E001CF /* Debug */,
				B11E9A591DCA392B00E001CF /* Release */,
			);
			defaultConfigurationIsVisible = 0;
			defaultConfigurationName = Release;
		};
		B11E9A5A1DCA392B00E001CF /* Build configuration list for PBXNativeTarget "SchoolBusLocator" */ = {
			isa = XCConfigurationList;
			buildConfigurations = (
				B11E9A5B1DCA392B00E001CF /* Debug */,
				B11E9A5C1DCA392B00E001CF /* Release */,
			);
			defaultConfigurationIsVisible = 0;
			defaultConfigurationName = Release;
		};
/* End XCConfigurationList section */
	};
	rootObject = B11E9A401DCA392B00E001CF /* Project object */;
}
